
Microsoft Visual Studio Solution File, Format Version 12.00
# Visual Studio 2013
VisualStudioVersion = 12.0.21005.1
MinimumVisualStudioVersion = 10.0.40219.1
Project("{8BC9CEB8-8B4A-11D0-8D11-00A0C91BC942}") = "cppparser", "cppparser.vcxproj", "{345C65D4-A3E2-43AB-AE1C-BA295119C74E}"
	ProjectSection(ProjectDependencies) = postProject
		{F5518709-54D4-42A7-A64B-51C316CEDFA4} = {F5518709-54D4-42A7-A64B-51C316CEDFA4}
		{7399D785-1FB0-4BF1-99B0-749A834C27FE} = {7399D785-1FB0-4BF1-99B0-749A834C27FE}
		{1676629E-F1EA-4B10-AF62-DB124F7896EF} = {1676629E-F1EA-4B10-AF62-DB124F7896EF}
		{F18660C5-3DD5-4D9D-9D94-A6B347A0EABC} = {F18660C5-3DD5-4D9D-9D94-A6B347A0EABC}
	EndProjectSection
EndProject
Project("{8BC9CEB8-8B4A-11D0-8D11-00A0C91BC942}") = "btyacc", "third_party\btyacc_tp\btyacc.vcxproj", "{F5518709-54D4-42A7-A64B-51C316CEDFA4}"
EndProject
Project("{8BC9CEB8-8B4A-11D0-8D11-00A0C91BC942}") = "cppparsertest", "cppparsertest\cppparsertest.vcxproj", "{C16C48D9-46C8-4D04-AF9E-FE272E31DAAB}"
	ProjectSection(ProjectDependencies) = postProject
		{345C65D4-A3E2-43AB-AE1C-BA295119C74E} = {345C65D4-A3E2-43AB-AE1C-BA295119C74E}
	EndProjectSection
EndProject
Project("{8BC9CEB8-8B4A-11D0-8D11-00A0C91BC942}") = "system", "..\common\third_party\boost_tp\msvs\system.vcxproj", "{F18660C5-3DD5-4D9D-9D94-A6B347A0EABC}"
EndProject
Project("{8BC9CEB8-8B4A-11D0-8D11-00A0C91BC942}") = "program_options", "..\common\third_party\boost_tp\msvs\program_options.vcxproj", "{1676629E-F1EA-4B10-AF62-DB124F7896EF}"
EndProject
Project("{8BC9CEB8-8B4A-11D0-8D11-00A0C91BC942}") = "filesystem", "..\common\third_party\boost_tp\msvs\filesystem.vcxproj", "{7399D785-1FB0-4BF1-99B0-749A834C27FE}"
EndProject
Project("{2150E333-8FDC-42A3-9474-1A3956D46DE8}") = "tools", "tools", "{93705AF7-DFED-42A8-9918-DEEE634809AF}"
EndProject
Project("{2150E333-8FDC-42A3-9474-1A3956D46DE8}") = "boost", "boost", "{B631843B-9B27-4690-91CD-99CD8B74695E}"
EndProject
Global
	GlobalSection(SolutionConfigurationPlatforms) = preSolution
		Debug|Win32 = Debug|Win32
		Release|Win32 = Release|Win32
	EndGlobalSection
	GlobalSection(ProjectConfigurationPlatforms) = postSolution
		{345C65D4-A3E2-43AB-AE1C-BA295119C74E}.Debug|Win32.ActiveCfg = Debug|Win32
		{345C65D4-A3E2-43AB-AE1C-BA295119C74E}.Debug|Win32.Build.0 = Debug|Win32
		{345C65D4-A3E2-43AB-AE1C-BA295119C74E}.Release|Win32.ActiveCfg = Release|Win32
		{345C65D4-A3E2-43AB-AE1C-BA295119C74E}.Release|Win32.Build.0 = Release|Win32
		{F5518709-54D4-42A7-A64B-51C316CEDFA4}.Debug|Win32.ActiveCfg = Debug|Win32
		{F5518709-54D4-42A7-A64B-51C316CEDFA4}.Debug|Win32.Build.0 = Debug|Win32
		{F5518709-54D4-42A7-A64B-51C316CEDFA4}.Release|Win32.ActiveCfg = Release|Win32
		{F5518709-54D4-42A7-A64B-51C316CEDFA4}.Release|Win32.Build.0 = Release|Win32
		{C16C48D9-46C8-4D04-AF9E-FE272E31DAAB}.Debug|Win32.ActiveCfg = Debug|Win32
		{C16C48D9-46C8-4D04-AF9E-FE272E31DAAB}.Debug|Win32.Build.0 = Debug|Win32
		{C16C48D9-46C8-4D04-AF9E-FE272E31DAAB}.Release|Win32.ActiveCfg = Release|Win32
		{C16C48D9-46C8-4D04-AF9E-FE272E31DAAB}.Release|Win32.Build.0 = Release|Win32
		{F18660C5-3DD5-4D9D-9D94-A6B347A0EABC}.Debug|Win32.ActiveCfg = Debug|Win32
		{F18660C5-3DD5-4D9D-9D94-A6B347A0EABC}.Debug|Win32.Build.0 = Debug|Win32
		{F18660C5-3DD5-4D9D-9D94-A6B347A0EABC}.Release|Win32.ActiveCfg = Release|Win32
		{F18660C5-3DD5-4D9D-9D94-A6B347A0EABC}.Release|Win32.Build.0 = Release|Win32
		{1676629E-F1EA-4B10-AF62-DB124F7896EF}.Debug|Win32.ActiveCfg = Debug|Win32
		{1676629E-F1EA-4B10-AF62-DB124F7896EF}.Debug|Win32.Build.0 = Debug|Win32
		{1676629E-F1EA-4B10-AF62-DB124F7896EF}.Release|Win32.ActiveCfg = Release|Win32
		{1676629E-F1EA-4B10-AF62-DB124F7896EF}.Release|Win32.Build.0 = Release|Win32
		{7399D785-1FB0-4BF1-99B0-749A834C27FE}.Debug|Win32.ActiveCfg = Debug|Win32
		{7399D785-1FB0-4BF1-99B0-749A834C27FE}.Debug|Win32.Build.0 = Debug|Win32
		{7399D785-1FB0-4BF1-99B0-749A834C27FE}.Release|Win32.ActiveCfg = Release|Win32
		{7399D785-1FB0-4BF1-99B0-749A834C27FE}.Release|Win32.Build.0 = Release|Win32
	EndGlobalSection
	GlobalSection(SolutionProperties) = preSolution
		HideSolutionNode = FALSE
	EndGlobalSection
	GlobalSection(NestedProjects) = preSolution
		{F5518709-54D4-42A7-A64B-51C316CEDFA4} = {93705AF7-DFED-42A8-9918-DEEE634809AF}
		{1676629E-F1EA-4B10-AF62-DB124F7896EF} = {B631843B-9B27-4690-91CD-99CD8B74695E}
		{7399D785-1FB0-4BF1-99B0-749A834C27FE} = {B631843B-9B27-4690-91CD-99CD8B74695E}
		{F18660C5-3DD5-4D9D-9D94-A6B347A0EABC} = {B631843B-9B27-4690-91CD-99CD8B74695E}
	EndGlobalSection
EndGlobal
